
Microsoft Visual Studio Solution File, Format Version 12.00
# Visual Studio 2012
Project("{FAE04EC0-301F-11D3-BF4B-00C04F79EFBC}") = "WeatherWebinar", "WeatherWebinar\WeatherWebinar.csproj", "{22EABF0A-D225-4FCC-A294-FF865384C03C}"
EndProject
Project("{FAE04EC0-301F-11D3-BF4B-00C04F79EFBC}") = "WeatherWebinar.iOS", "iOS\WeatherWebinar.iOS.csproj", "{5E2A1FEE-5B2B-40D7-98C3-8DCF3809265F}"
EndProject
Project("{FAE04EC0-301F-11D3-BF4B-00C04F79EFBC}") = "WeatherWebinar.Droid", "Droid\WeatherWebinar.Droid.csproj", "{75D00482-FD86-45C5-9E81-CAD6DA0477A3}"
EndProject
Global
	GlobalSection(SolutionConfigurationPlatforms) = preSolution
		Debug|Any CPU = Debug|Any CPU
		Release|Any CPU = Release|Any CPU
		Debug|iPhoneSimulator = Debug|iPhoneSimulator
		Release|iPhone = Release|iPhone
		Release|iPhoneSimulator = Release|iPhoneSimulator
		Debug|iPhone = Debug|iPhone
	EndGlobalSection
	GlobalSection(ProjectConfigurationPlatforms) = postSolution
		{22EABF0A-D225-4FCC-A294-FF865384C03C}.Debug|Any CPU.ActiveCfg = Debug|Any CPU
		{22EABF0A-D225-4FCC-A294-FF865384C03C}.Debug|Any CPU.Build.0 = Debug|Any CPU
		{22EABF0A-D225-4FCC-A294-FF865384C03C}.Release|Any CPU.ActiveCfg = Release|Any CPU
		{22EABF0A-D225-4FCC-A294-FF865384C03C}.Release|Any CPU.Build.0 = Release|Any CPU
		{22EABF0A-D225-4FCC-A294-FF865384C03C}.Debug|iPhoneSimulator.ActiveCfg = Debug|Any CPU
		{22EABF0A-D225-4FCC-A294-FF865384C03C}.Debug|iPhoneSimulator.Build.0 = Debug|Any CPU
		{22EABF0A-D225-4FCC-A294-FF865384C03C}.Release|iPhone.ActiveCfg = Release|Any CPU
		{22EABF0A-D225-4FCC-A294-FF865384C03C}.Release|iPhone.Build.0 = Release|Any CPU
		{22EABF0A-D225-4FCC-A294-FF865384C03C}.Release|iPhoneSimulator.ActiveCfg = Release|Any CPU
		{22EABF0A-D225-4FCC-A294-FF865384C03C}.Release|iPhoneSimulator.Build.0 = Release|Any CPU
		{22EABF0A-D225-4FCC-A294-FF865384C03C}.Debug|iPhone.ActiveCfg = Debug|Any CPU
		{22EABF0A-D225-4FCC-A294-FF865384C03C}.Debug|iPhone.Build.0 = Debug|Any CPU
		{5E2A1FEE-5B2B-40D7-98C3-8DCF3809265F}.Debug|Any CPU.ActiveCfg = Debug|iPhoneSimulator
		{5E2A1FEE-5B2B-40D7-98C3-8DCF3809265F}.Debug|Any CPU.Build.0 = Debug|iPhoneSimulator
		{5E2A1FEE-5B2B-40D7-98C3-8DCF3809265F}.Release|Any CPU.ActiveCfg = Release|iPhone
		{5E2A1FEE-5B2B-40D7-98C3-8DCF3809265F}.Release|Any CPU.Build.0 = Release|iPhone
		{5E2A1FEE-5B2B-40D7-98C3-8DCF3809265F}.Debug|iPhoneSimulator.ActiveCfg = Debug|iPhoneSimulator
		{5E2A1FEE-5B2B-40D7-98C3-8DCF3809265F}.Debug|iPhoneSimulator.Build.0 = Debug|iPhoneSimulator
		{5E2A1FEE-5B2B-40D7-98C3-8DCF3809265F}.Release|iPhone.ActiveCfg = Release|iPhone
		{5E2A1FEE-5B2B-40D7-98C3-8DCF3809265F}.Release|iPhone.Build.0 = Release|iPhone
		{5E2A1FEE-5B2B-40D7-98C3-8DCF3809265F}.Release|iPhoneSimulator.ActiveCfg = Release|iPhoneSimulator
		{5E2A1FEE-5B2B-40D7-98C3-8DCF3809265F}.Release|iPhoneSimulator.Build.0 = Release|iPhoneSimulator
		{5E2A1FEE-5B2B-40D7-98C3-8DCF3809265F}.Debug|iPhone.ActiveCfg = Debug|iPhone
		{5E2A1FEE-5B2B-40D7-98C3-8DCF3809265F}.Debug|iPhone.Build.0 = Debug|iPhone
		{75D00482-FD86-45C5-9E81-CAD6DA0477A3}.Debug|Any CPU.ActiveCfg = Debug|Any CPU
		{75D00482-FD86-45C5-9E81-CAD6DA0477A3}.Debug|Any CPU.Build.0 = Debug|Any CPU
		{75D00482-FD86-45C5-9E81-CAD6DA0477A3}.Release|Any CPU.ActiveCfg = Release|Any CPU
		{75D00482-FD86-45C5-9E81-CAD6DA0477A3}.Release|Any CPU.Build.0 = Release|Any CPU
		{75D00482-FD86-45C5-9E81-CAD6DA0477A3}.Debug|iPhoneSimulator.ActiveCfg = Debug|Any CPU
		{75D00482-FD86-45C5-9E81-CAD6DA0477A3}.Debug|iPhoneSimulator.Build.0 = Debug|Any CPU
		{75D00482-FD86-45C5-9E81-CAD6DA0477A3}.Release|iPhone.ActiveCfg = Release|Any CPU
		{75D00482-FD86-45C5-9E81-CAD6DA0477A3}.Release|iPhone.Build.0 = Release|Any CPU
		{75D00482-FD86-45C5-9E81-CAD6DA0477A3}.Release|iPhoneSimulator.ActiveCfg = Release|Any CPU
		{75D00482-FD86-45C5-9E81-CAD6DA0477A3}.Release|iPhoneSimulator.Build.0 = Release|Any CPU
		{75D00482-FD86-45C5-9E81-CAD6DA0477A3}.Debug|iPhone.ActiveCfg = Debug|Any CPU
		{75D00482-FD86-45C5-9E81-CAD6DA0477A3}.Debug|iPhone.Build.0 = Debug|Any CPU
	EndGlobalSection
EndGlobal
